{
  "nodes": {
    "flake-utils": {
      "inputs": {
        "systems": "systems"
      },
      "locked": {
        "lastModified": 1710146030,
        "narHash": "sha256-SZ5L6eA7HJ/nmkzGG7/ISclqe6oZdOZTNoesiInkXPQ=",
        "owner": "numtide",
        "repo": "flake-utils",
        "rev": "b1d9ab70662946ef0850d488da1c9019f3a9752a",
        "type": "github"
      },
      "original": {
        "owner": "numtide",
        "repo": "flake-utils",
        "type": "github"
      }
    },
    "nixpkgs": {
      "locked": {
        "lastModified": 1723477244,
        "narHash": "sha256-HerKvgTKjRt+DiAXbmSNH5gGC2//6oBJnaQ1l0AWxV0=",
        "owner": "nixos",
        "repo": "nixpkgs",
        "rev": "c865becfbe458e3418f217898454d310192a76af",
        "type": "github"
      },
      "original": {
        "owner": "nixos",
        "repo": "nixpkgs",
        "type": "github"
      }
    },
    "root": {
      "inputs": {
        "flake-utils": "flake-utils",
        "nixpkgs": "nixpkgs",
        "rust-dev-tools": "rust-dev-tools"
      }
    },
    "rust-dev-tools": {
      "inputs": {
        "flake-utils": [
          "flake-utils"
        ],
        "nixpkgs": [
          "nixpkgs"
        ],
        "rust-overlay": "rust-overlay"
      },
      "locked": {
        "lastModified": 1723421465,
        "narHash": "sha256-fIBuRcy+S3kr1jzGEegqYcRNvA2TzPbb6cpeJg0ID9A=",
        "owner": "cfcosta",
        "repo": "rust-dev-tools.nix",
        "rev": "04900b3200cdff156a86e0a7236daa24b1d3982f",
        "type": "github"
      },
      "original": {
        "owner": "cfcosta",
        "repo": "rust-dev-tools.nix",
        "type": "github"
      }
    },
    "rust-overlay": {
      "inputs": {
        "nixpkgs": [
          "rust-dev-tools",
          "nixpkgs"
        ]
      },
      "locked": {
        "lastModified": 1723343015,
        "narHash": "sha256-oS8Qhpo71B/6OOsuVBFJbems7RKD/5e3TN2AdXhwMjg=",
        "owner": "oxalica",
        "repo": "rust-overlay",
        "rev": "ed4fe9af3814694d59c572649e881a6aa6eba533",
        "type": "github"
      },
      "original": {
        "owner": "oxalica",
        "repo": "rust-overlay",
        "type": "github"
      }
    },
    "systems": {
      "locked": {
        "lastModified": 1681028828,
        "narHash": "sha256-Vy1rq5AaRuLzOxct8nz4T6wlgyUR7zLU309k9mBC768=",
        "owner": "nix-systems",
        "repo": "default",
        "rev": "da67096a3b9bf56a91d16901293e51ba5b49a27e",
        "type": "github"
      },
      "original": {
        "owner": "nix-systems",
        "repo": "default",
        "type": "github"
      }
    }
  },
  "root": "root",
  "version": 7
}
